
Microsoft Visual Studio Solution File, Format Version 12.00
# Visual Studio Version 17
VisualStudioVersion = 17.12.35527.113 d17.12
MinimumVisualStudioVersion = 10.0.40219.1
Project("{2150E333-8FDC-42A3-9474-1A3956D46DE8}") = "Task0", "Task0", "{AF3AF8BE-CE3D-484A-9C67-D2ED669AA29C}"
EndProject
Project("{2150E333-8FDC-42A3-9474-1A3956D46DE8}") = "Task1", "Task1", "{62999ADA-CBDF-4CF7-9337-08F566873763}"
EndProject
Project("{2150E333-8FDC-42A3-9474-1A3956D46DE8}") = "Task2", "Task2", "{E3CEF7F4-07FD-40A0-BB01-4D973CF5CF2E}"
EndProject
Project("{2150E333-8FDC-42A3-9474-1A3956D46DE8}") = "Task3", "Task3", "{2B85E472-2131-468C-B008-F3D35D1A3057}"
EndProject
Project("{2150E333-8FDC-42A3-9474-1A3956D46DE8}") = "Task4", "Task4", "{B907A966-C2FB-4FD9-9C36-45CA9A63F268}"
EndProject
Project("{2150E333-8FDC-42A3-9474-1A3956D46DE8}") = "Task5", "Task5", "{F4F1701B-E133-4CBA-B446-594DD8DB16D0}"
EndProject
Project("{2150E333-8FDC-42A3-9474-1A3956D46DE8}") = "Task6", "Task6", "{5F1A3BE5-29C2-4B98-A589-804D5D3BCE2F}"
EndProject
Project("{2150E333-8FDC-42A3-9474-1A3956D46DE8}") = "Task7", "Task7", "{FD69B335-64BB-4E38-913E-A761661EBC2B}"
EndProject
Project("{FAE04EC0-301F-11D3-BF4B-00C04F79EFBC}") = "Tyuiu.AntonovNS.Sprint5.Task0.V29", "Tyuiu.AntonovNS.Sprint5.Task0.V29\Tyuiu.AntonovNS.Sprint5.Task0.V29.csproj", "{65234657-F629-45D6-8362-A6DDDF06501B}"
EndProject
Project("{FAE04EC0-301F-11D3-BF4B-00C04F79EFBC}") = "Tyuiu.AntonovNS.Sprint5.Task0.V29.Lib", "Tyuiu.AntonovNS.Sprint5.Task0.V29.Lib\Tyuiu.AntonovNS.Sprint5.Task0.V29.Lib.csproj", "{640AE3B8-6B1E-4E20-9C03-D7291D593178}"
EndProject
Project("{FAE04EC0-301F-11D3-BF4B-00C04F79EFBC}") = "Tyuiu.AntonovNS.Sprint5.Task0.V29.Test", "Tyuiu.AntonovNS.Sprint5.Task0.V29.Test\Tyuiu.AntonovNS.Sprint5.Task0.V29.Test.csproj", "{934736FD-E9CF-4CA6-8E30-553961E3FF59}"
EndProject
Project("{FAE04EC0-301F-11D3-BF4B-00C04F79EFBC}") = "Tyuiu.AntonovNS.Sprint5.Task1.V1", "Tyuiu.AntonovNS.Sprint5.Task1.V1\Tyuiu.AntonovNS.Sprint5.Task1.V1.csproj", "{F95EF243-AC4E-48BD-8425-F6272292DA86}"
EndProject
Project("{FAE04EC0-301F-11D3-BF4B-00C04F79EFBC}") = "Tyuiu.AntonovNS.Sprint5.Task1.V1.Lib", "Tyuiu.AntonovNS.Sprint5.Task1.V1.Lib\Tyuiu.AntonovNS.Sprint5.Task1.V1.Lib.csproj", "{614B564A-0A2A-4E70-9B6B-AA441D8F40FD}"
EndProject
Project("{FAE04EC0-301F-11D3-BF4B-00C04F79EFBC}") = "Tyuiu.AntonovNS.Sprint5.Task1.V1.Test", "Tyuiu.AntonovNS.Sprint5.Task1.V1.Test\Tyuiu.AntonovNS.Sprint5.Task1.V1.Test.csproj", "{2D71EEB0-BDB5-4880-8234-DDBF5458F02C}"
EndProject
Project("{FAE04EC0-301F-11D3-BF4B-00C04F79EFBC}") = "Tyuiu.AntonovNS.Sprint5.Task2.V12", "Tyuiu.AntonovNS.Sprint5.Task2.V12\Tyuiu.AntonovNS.Sprint5.Task2.V12.csproj", "{FDF0F72F-818E-40AE-995C-0863F56FF27B}"
EndProject
Project("{FAE04EC0-301F-11D3-BF4B-00C04F79EFBC}") = "Tyuiu.AntonovNS.Sprint5.Task2.V12.Lib", "Tyuiu.AntonovNS.Sprint5.Task2.V12.Lib\Tyuiu.AntonovNS.Sprint5.Task2.V12.Lib.csproj", "{2F753418-7F6C-4B85-B8B6-488EB5820B8C}"
EndProject
Project("{FAE04EC0-301F-11D3-BF4B-00C04F79EFBC}") = "Tyuiu.AntonovNS.Sprint5.Task2.V12.Test", "Tyuiu.AntonovNS.Sprint5.Task2.V12.Test\Tyuiu.AntonovNS.Sprint5.Task2.V12.Test.csproj", "{9DD1212E-7EFD-404C-9705-09A2B2434A5A}"
EndProject
Project("{FAE04EC0-301F-11D3-BF4B-00C04F79EFBC}") = "Tyuiu.AntonovNS.Sprint5.Task3.V21", "Tyuiu.AntonovNS.Sprint5.Task3.V21\Tyuiu.AntonovNS.Sprint5.Task3.V21.csproj", "{2CEF3072-B3C7-44D4-96A4-BAEDC0C30134}"
EndProject
Project("{FAE04EC0-301F-11D3-BF4B-00C04F79EFBC}") = "Tyuiu.AntonovNS.Sprint5.Task3.V21.Lib", "Tyuiu.AntonovNS.Sprint5.Task3.V21.Lib\Tyuiu.AntonovNS.Sprint5.Task3.V21.Lib.csproj", "{4666E23C-FE17-43E0-B299-2D6A9EBB7EA4}"
EndProject
Project("{FAE04EC0-301F-11D3-BF4B-00C04F79EFBC}") = "Tyuiu.AntonovNS.Sprint5.Task3.V21.Test", "Tyuiu.AntonovNS.Sprint5.Task3.V21.Test\Tyuiu.AntonovNS.Sprint5.Task3.V21.Test.csproj", "{F7FC4BEA-DD4F-4061-84AB-2C2ED4A889F8}"
EndProject
Project("{FAE04EC0-301F-11D3-BF4B-00C04F79EFBC}") = "Tyuiu.AntonovNS.Sprint5.Task4.V26", "Tyuiu.AntonovNS.Sprint5.Task4.V26\Tyuiu.AntonovNS.Sprint5.Task4.V26.csproj", "{8AA1E293-4284-4AE0-8869-0F016E3C67DE}"
EndProject
Project("{FAE04EC0-301F-11D3-BF4B-00C04F79EFBC}") = "Tyuiu.AntonovNS.Sprint5.Task4.V26.Lib", "Tyuiu.AntonovNS.Sprint5.Task4.V26.Lib\Tyuiu.AntonovNS.Sprint5.Task4.V26.Lib.csproj", "{E26BC8CD-D8F4-4FB4-A8AD-1F096A02BAAF}"
EndProject
Project("{FAE04EC0-301F-11D3-BF4B-00C04F79EFBC}") = "Tyuiu.AntonovNS.Sprint5.Task4.V26.Test", "Tyuiu.AntonovNS.Sprint5.Task4.V26.Test\Tyuiu.AntonovNS.Sprint5.Task4.V26.Test.csproj", "{81482384-0D42-4CFC-9AEC-A29F08361147}"
EndProject
Project("{FAE04EC0-301F-11D3-BF4B-00C04F79EFBC}") = "Tyuiu.AntonovNS.Sprint5.Task5.V2", "Tyuiu.AntonovNS.Sprint5.Task5.V2\Tyuiu.AntonovNS.Sprint5.Task5.V2.csproj", "{87367A9B-5FA6-475F-BA1E-395CBA6CBFA6}"
EndProject
Project("{FAE04EC0-301F-11D3-BF4B-00C04F79EFBC}") = "Tyuiu.AntonovNS.Sprint5.Task5.V2.Lib", "Tyuiu.AntonovNS.Sprint5.Task5.V2.Lib\Tyuiu.AntonovNS.Sprint5.Task5.V2.Lib.csproj", "{365AF876-9446-456C-AA7F-4F9ACF1CA430}"
EndProject
Project("{FAE04EC0-301F-11D3-BF4B-00C04F79EFBC}") = "Tyuiu.AntonovNS.Sprint5.Task5.V2.Test", "Tyuiu.AntonovNS.Sprint5.Task5.V2.Test\Tyuiu.AntonovNS.Sprint5.Task5.V2.Test.csproj", "{0767D08E-13E9-4698-965B-61EDC0A11BC9}"
EndProject
Global
	GlobalSection(SolutionConfigurationPlatforms) = preSolution
		Debug|Any CPU = Debug|Any CPU
		Release|Any CPU = Release|Any CPU
	EndGlobalSection
	GlobalSection(ProjectConfigurationPlatforms) = postSolution
		{65234657-F629-45D6-8362-A6DDDF06501B}.Debug|Any CPU.ActiveCfg = Debug|Any CPU
		{65234657-F629-45D6-8362-A6DDDF06501B}.Debug|Any CPU.Build.0 = Debug|Any CPU
		{65234657-F629-45D6-8362-A6DDDF06501B}.Release|Any CPU.ActiveCfg = Release|Any CPU
		{65234657-F629-45D6-8362-A6DDDF06501B}.Release|Any CPU.Build.0 = Release|Any CPU
		{640AE3B8-6B1E-4E20-9C03-D7291D593178}.Debug|Any CPU.ActiveCfg = Debug|Any CPU
		{640AE3B8-6B1E-4E20-9C03-D7291D593178}.Debug|Any CPU.Build.0 = Debug|Any CPU
		{640AE3B8-6B1E-4E20-9C03-D7291D593178}.Release|Any CPU.ActiveCfg = Release|Any CPU
		{640AE3B8-6B1E-4E20-9C03-D7291D593178}.Release|Any CPU.Build.0 = Release|Any CPU
		{934736FD-E9CF-4CA6-8E30-553961E3FF59}.Debug|Any CPU.ActiveCfg = Debug|Any CPU
		{934736FD-E9CF-4CA6-8E30-553961E3FF59}.Debug|Any CPU.Build.0 = Debug|Any CPU
		{934736FD-E9CF-4CA6-8E30-553961E3FF59}.Release|Any CPU.ActiveCfg = Release|Any CPU
		{934736FD-E9CF-4CA6-8E30-553961E3FF59}.Release|Any CPU.Build.0 = Release|Any CPU
		{F95EF243-AC4E-48BD-8425-F6272292DA86}.Debug|Any CPU.ActiveCfg = Debug|Any CPU
		{F95EF243-AC4E-48BD-8425-F6272292DA86}.Debug|Any CPU.Build.0 = Debug|Any CPU
		{F95EF243-AC4E-48BD-8425-F6272292DA86}.Release|Any CPU.ActiveCfg = Release|Any CPU
		{F95EF243-AC4E-48BD-8425-F6272292DA86}.Release|Any CPU.Build.0 = Release|Any CPU
		{614B564A-0A2A-4E70-9B6B-AA441D8F40FD}.Debug|Any CPU.ActiveCfg = Debug|Any CPU
		{614B564A-0A2A-4E70-9B6B-AA441D8F40FD}.Debug|Any CPU.Build.0 = Debug|Any CPU
		{614B564A-0A2A-4E70-9B6B-AA441D8F40FD}.Release|Any CPU.ActiveCfg = Release|Any CPU
		{614B564A-0A2A-4E70-9B6B-AA441D8F40FD}.Release|Any CPU.Build.0 = Release|Any CPU
		{2D71EEB0-BDB5-4880-8234-DDBF5458F02C}.Debug|Any CPU.ActiveCfg = Debug|Any CPU
		{2D71EEB0-BDB5-4880-8234-DDBF5458F02C}.Debug|Any CPU.Build.0 = Debug|Any CPU
		{2D71EEB0-BDB5-4880-8234-DDBF5458F02C}.Release|Any CPU.ActiveCfg = Release|Any CPU
		{2D71EEB0-BDB5-4880-8234-DDBF5458F02C}.Release|Any CPU.Build.0 = Release|Any CPU
		{FDF0F72F-818E-40AE-995C-0863F56FF27B}.Debug|Any CPU.ActiveCfg = Debug|Any CPU
		{FDF0F72F-818E-40AE-995C-0863F56FF27B}.Debug|Any CPU.Build.0 = Debug|Any CPU
		{FDF0F72F-818E-40AE-995C-0863F56FF27B}.Release|Any CPU.ActiveCfg = Release|Any CPU
		{FDF0F72F-818E-40AE-995C-0863F56FF27B}.Release|Any CPU.Build.0 = Release|Any CPU
		{2F753418-7F6C-4B85-B8B6-488EB5820B8C}.Debug|Any CPU.ActiveCfg = Debug|Any CPU
		{2F753418-7F6C-4B85-B8B6-488EB5820B8C}.Debug|Any CPU.Build.0 = Debug|Any CPU
		{2F753418-7F6C-4B85-B8B6-488EB5820B8C}.Release|Any CPU.ActiveCfg = Release|Any CPU
		{2F753418-7F6C-4B85-B8B6-488EB5820B8C}.Release|Any CPU.Build.0 = Release|Any CPU
		{9DD1212E-7EFD-404C-9705-09A2B2434A5A}.Debug|Any CPU.ActiveCfg = Debug|Any CPU
		{9DD1212E-7EFD-404C-9705-09A2B2434A5A}.Debug|Any CPU.Build.0 = Debug|Any CPU
		{9DD1212E-7EFD-404C-9705-09A2B2434A5A}.Release|Any CPU.ActiveCfg = Release|Any CPU
		{9DD1212E-7EFD-404C-9705-09A2B2434A5A}.Release|Any CPU.Build.0 = Release|Any CPU
		{2CEF3072-B3C7-44D4-96A4-BAEDC0C30134}.Debug|Any CPU.ActiveCfg = Debug|Any CPU
		{2CEF3072-B3C7-44D4-96A4-BAEDC0C30134}.Debug|Any CPU.Build.0 = Debug|Any CPU
		{2CEF3072-B3C7-44D4-96A4-BAEDC0C30134}.Release|Any CPU.ActiveCfg = Release|Any CPU
		{2CEF3072-B3C7-44D4-96A4-BAEDC0C30134}.Release|Any CPU.Build.0 = Release|Any CPU
		{4666E23C-FE17-43E0-B299-2D6A9EBB7EA4}.Debug|Any CPU.ActiveCfg = Debug|Any CPU
		{4666E23C-FE17-43E0-B299-2D6A9EBB7EA4}.Debug|Any CPU.Build.0 = Debug|Any CPU
		{4666E23C-FE17-43E0-B299-2D6A9EBB7EA4}.Release|Any CPU.ActiveCfg = Release|Any CPU
		{4666E23C-FE17-43E0-B299-2D6A9EBB7EA4}.Release|Any CPU.Build.0 = Release|Any CPU
		{F7FC4BEA-DD4F-4061-84AB-2C2ED4A889F8}.Debug|Any CPU.ActiveCfg = Debug|Any CPU
		{F7FC4BEA-DD4F-4061-84AB-2C2ED4A889F8}.Debug|Any CPU.Build.0 = Debug|Any CPU
		{F7FC4BEA-DD4F-4061-84AB-2C2ED4A889F8}.Release|Any CPU.ActiveCfg = Release|Any CPU
		{F7FC4BEA-DD4F-4061-84AB-2C2ED4A889F8}.Release|Any CPU.Build.0 = Release|Any CPU
		{8AA1E293-4284-4AE0-8869-0F016E3C67DE}.Debug|Any CPU.ActiveCfg = Debug|Any CPU
		{8AA1E293-4284-4AE0-8869-0F016E3C67DE}.Debug|Any CPU.Build.0 = Debug|Any CPU
		{8AA1E293-4284-4AE0-8869-0F016E3C67DE}.Release|Any CPU.ActiveCfg = Release|Any CPU
		{8AA1E293-4284-4AE0-8869-0F016E3C67DE}.Release|Any CPU.Build.0 = Release|Any CPU
		{E26BC8CD-D8F4-4FB4-A8AD-1F096A02BAAF}.Debug|Any CPU.ActiveCfg = Debug|Any CPU
		{E26BC8CD-D8F4-4FB4-A8AD-1F096A02BAAF}.Debug|Any CPU.Build.0 = Debug|Any CPU
		{E26BC8CD-D8F4-4FB4-A8AD-1F096A02BAAF}.Release|Any CPU.ActiveCfg = Release|Any CPU
		{E26BC8CD-D8F4-4FB4-A8AD-1F096A02BAAF}.Release|Any CPU.Build.0 = Release|Any CPU
		{81482384-0D42-4CFC-9AEC-A29F08361147}.Debug|Any CPU.ActiveCfg = Debug|Any CPU
		{81482384-0D42-4CFC-9AEC-A29F08361147}.Debug|Any CPU.Build.0 = Debug|Any CPU
		{81482384-0D42-4CFC-9AEC-A29F08361147}.Release|Any CPU.ActiveCfg = Release|Any CPU
		{81482384-0D42-4CFC-9AEC-A29F08361147}.Release|Any CPU.Build.0 = Release|Any CPU
		{87367A9B-5FA6-475F-BA1E-395CBA6CBFA6}.Debug|Any CPU.ActiveCfg = Debug|Any CPU
		{87367A9B-5FA6-475F-BA1E-395CBA6CBFA6}.Debug|Any CPU.Build.0 = Debug|Any CPU
		{87367A9B-5FA6-475F-BA1E-395CBA6CBFA6}.Release|Any CPU.ActiveCfg = Release|Any CPU
		{87367A9B-5FA6-475F-BA1E-395CBA6CBFA6}.Release|Any CPU.Build.0 = Release|Any CPU
		{365AF876-9446-456C-AA7F-4F9ACF1CA430}.Debug|Any CPU.ActiveCfg = Debug|Any CPU
		{365AF876-9446-456C-AA7F-4F9ACF1CA430}.Debug|Any CPU.Build.0 = Debug|Any CPU
		{365AF876-9446-456C-AA7F-4F9ACF1CA430}.Release|Any CPU.ActiveCfg = Release|Any CPU
		{365AF876-9446-456C-AA7F-4F9ACF1CA430}.Release|Any CPU.Build.0 = Release|Any CPU
		{0767D08E-13E9-4698-965B-61EDC0A11BC9}.Debug|Any CPU.ActiveCfg = Debug|Any CPU
		{0767D08E-13E9-4698-965B-61EDC0A11BC9}.Debug|Any CPU.Build.0 = Debug|Any CPU
		{0767D08E-13E9-4698-965B-61EDC0A11BC9}.Release|Any CPU.ActiveCfg = Release|Any CPU
		{0767D08E-13E9-4698-965B-61EDC0A11BC9}.Release|Any CPU.Build.0 = Release|Any CPU
	EndGlobalSection
	GlobalSection(SolutionProperties) = preSolution
		HideSolutionNode = FALSE
	EndGlobalSection
	GlobalSection(NestedProjects) = preSolution
		{65234657-F629-45D6-8362-A6DDDF06501B} = {AF3AF8BE-CE3D-484A-9C67-D2ED669AA29C}
		{640AE3B8-6B1E-4E20-9C03-D7291D593178} = {AF3AF8BE-CE3D-484A-9C67-D2ED669AA29C}
		{934736FD-E9CF-4CA6-8E30-553961E3FF59} = {AF3AF8BE-CE3D-484A-9C67-D2ED669AA29C}
		{F95EF243-AC4E-48BD-8425-F6272292DA86} = {62999ADA-CBDF-4CF7-9337-08F566873763}
		{614B564A-0A2A-4E70-9B6B-AA441D8F40FD} = {62999ADA-CBDF-4CF7-9337-08F566873763}
		{2D71EEB0-BDB5-4880-8234-DDBF5458F02C} = {62999ADA-CBDF-4CF7-9337-08F566873763}
		{FDF0F72F-818E-40AE-995C-0863F56FF27B} = {E3CEF7F4-07FD-40A0-BB01-4D973CF5CF2E}
		{2F753418-7F6C-4B85-B8B6-488EB5820B8C} = {E3CEF7F4-07FD-40A0-BB01-4D973CF5CF2E}
		{9DD1212E-7EFD-404C-9705-09A2B2434A5A} = {E3CEF7F4-07FD-40A0-BB01-4D973CF5CF2E}
		{2CEF3072-B3C7-44D4-96A4-BAEDC0C30134} = {2B85E472-2131-468C-B008-F3D35D1A3057}
		{4666E23C-FE17-43E0-B299-2D6A9EBB7EA4} = {2B85E472-2131-468C-B008-F3D35D1A3057}
		{F7FC4BEA-DD4F-4061-84AB-2C2ED4A889F8} = {2B85E472-2131-468C-B008-F3D35D1A3057}
		{8AA1E293-4284-4AE0-8869-0F016E3C67DE} = {B907A966-C2FB-4FD9-9C36-45CA9A63F268}
		{E26BC8CD-D8F4-4FB4-A8AD-1F096A02BAAF} = {B907A966-C2FB-4FD9-9C36-45CA9A63F268}
		{81482384-0D42-4CFC-9AEC-A29F08361147} = {B907A966-C2FB-4FD9-9C36-45CA9A63F268}
		{87367A9B-5FA6-475F-BA1E-395CBA6CBFA6} = {F4F1701B-E133-4CBA-B446-594DD8DB16D0}
		{365AF876-9446-456C-AA7F-4F9ACF1CA430} = {F4F1701B-E133-4CBA-B446-594DD8DB16D0}
		{0767D08E-13E9-4698-965B-61EDC0A11BC9} = {F4F1701B-E133-4CBA-B446-594DD8DB16D0}
	EndGlobalSection
EndGlobal
